using System;
using System.Collections.Generic;
using System.Linq;
using System.Text;
using System.Threading.Tasks;
(pule uma linha)
namespace AreaPerimetro
{
    class Program
    {
        static void Main(string[] args)
        {
            string color, medida;
            float lma, lme, a, p, a2, p2;
            float km = 100000f; float m = 100f; float cm = 1f; float mm = 10f;
            Console.BackgroundColor = ConsoleColor.Gray;
            Console.Clear();
            Console.ForegroundColor = ConsoleColor.Black;
            Console.WriteLine("Programa onde se calcula a área e o perímetro");
            Console.Write("Digite o Lado maior em centimetros: ");
            lma = float.Parse(Console.ReadLine());
            Console.Write("Digite o Lado menor em centimetros: ");
            lme = float.Parse(Console.ReadLine());
            a = lma * lme;
            p = lma + lma + lme + lme;
            Console.Write("Qual seria a medida? (mm, cm, m ou km) ");
            medida = Console.ReadLine();
            if (medida.ToLower() == "km" || medida.ToLower() == "m" || medida.ToLower() == "cm" || medida.ToLower() == "mm")
            {
                if (medida.ToLower() == "km")
                {
                    a2 = a / km;
                    p2 = p / km;
                }
                else if (medida.ToLower() == "m")
                {
                    a2 = a / m;
                    p2 = p / m;
                }
                else
                {
                    if (medida.ToLower() == "mm")
                    {
                        a2 = a * mm;
                        p2 = p * mm;
                    }
                    else
                    {
                        a2 = a / cm;
                        p2 = p / cm;
                    }
                }
                Console.Write("Determine a cor (dgreen, dmagenta, dred): ");
                color = Console.ReadLine();
                if (color.ToLower() == "dred")
                {
                    Console.ForegroundColor = ConsoleColor.DarkRed;
                }
                if (color.ToLower() == "dgreen")
                {
                    Console.ForegroundColor = ConsoleColor.DarkGreen;
                }
                if (color.ToLower() == "dmagenta")
                {
                    Console.ForegroundColor = ConsoleColor.DarkMagenta;
                }
                Console.WriteLine("O valor da área é: " + a2 + medida);
                Console.Write("O valor do perímetro é: " + p2 + medida);
                Console.ReadKey();
            }
            else
            {
                Console.Write("Houve um erro de digitação, inicie o projeto novamente");
                Console.ReadKey();
            }
        }
    }
}
